
Microsoft Visual Studio Solution File, Format Version 12.00
# Visual Studio Version 17
VisualStudioVersion = 17.3.32922.545
MinimumVisualStudioVersion = 10.0.40219.1
Project("{9A19103F-16F7-4668-BE54-9A1E7A4F7556}") = "ConsoleUI", "UI\ConsoleUI\ConsoleUI.csproj", "{478E85EB-21F4-472E-89C4-36A164BDF928}"
EndProject
Project("{2150E333-8FDC-42A3-9474-1A3956D46DE8}") = "UI", "UI", "{5903F493-1162-4937-8792-50BD48B7DDA8}"
EndProject
Project("{2150E333-8FDC-42A3-9474-1A3956D46DE8}") = "Model", "Model", "{39C81C28-D251-47DA-AE89-DE7BC73E40C5}"
EndProject
Project("{2150E333-8FDC-42A3-9474-1A3956D46DE8}") = "ViewModel", "ViewModel", "{7426945E-03B0-406C-8F93-8AAA64B96837}"
EndProject
Project("{9A19103F-16F7-4668-BE54-9A1E7A4F7556}") = "Calculator", "Model\Calculator\Calculator.csproj", "{118F48A1-8117-41A6-A79F-01F940E404F7}"
EndProject
Project("{9A19103F-16F7-4668-BE54-9A1E7A4F7556}") = "Objects", "Model\Objects\Objects.csproj", "{533C22E1-E46A-4E91-95AE-518870B316B2}"
EndProject
Project("{9A19103F-16F7-4668-BE54-9A1E7A4F7556}") = "DayInformationCalculator", "ViewModel\DayInformationCalculator\DayInformationCalculator.csproj", "{3D6412DB-8B1A-42F9-B552-B1CFA38D7438}"
EndProject
Project("{9A19103F-16F7-4668-BE54-9A1E7A4F7556}") = "TestProject", "Test\TestProject\TestProject.csproj", "{477EE32B-88D4-43F7-8DB8-A1A357C552C2}"
EndProject
Project("{2150E333-8FDC-42A3-9474-1A3956D46DE8}") = "Test", "Test", "{B9129E2B-4A68-4B80-B9EA-130A530B80A7}"
EndProject
Global
	GlobalSection(SolutionConfigurationPlatforms) = preSolution
		Debug|Any CPU = Debug|Any CPU
		Release|Any CPU = Release|Any CPU
	EndGlobalSection
	GlobalSection(ProjectConfigurationPlatforms) = postSolution
		{478E85EB-21F4-472E-89C4-36A164BDF928}.Debug|Any CPU.ActiveCfg = Debug|Any CPU
		{478E85EB-21F4-472E-89C4-36A164BDF928}.Debug|Any CPU.Build.0 = Debug|Any CPU
		{478E85EB-21F4-472E-89C4-36A164BDF928}.Release|Any CPU.ActiveCfg = Release|Any CPU
		{478E85EB-21F4-472E-89C4-36A164BDF928}.Release|Any CPU.Build.0 = Release|Any CPU
		{118F48A1-8117-41A6-A79F-01F940E404F7}.Debug|Any CPU.ActiveCfg = Debug|Any CPU
		{118F48A1-8117-41A6-A79F-01F940E404F7}.Debug|Any CPU.Build.0 = Debug|Any CPU
		{118F48A1-8117-41A6-A79F-01F940E404F7}.Release|Any CPU.ActiveCfg = Release|Any CPU
		{118F48A1-8117-41A6-A79F-01F940E404F7}.Release|Any CPU.Build.0 = Release|Any CPU
		{533C22E1-E46A-4E91-95AE-518870B316B2}.Debug|Any CPU.ActiveCfg = Debug|Any CPU
		{533C22E1-E46A-4E91-95AE-518870B316B2}.Debug|Any CPU.Build.0 = Debug|Any CPU
		{533C22E1-E46A-4E91-95AE-518870B316B2}.Release|Any CPU.ActiveCfg = Release|Any CPU
		{533C22E1-E46A-4E91-95AE-518870B316B2}.Release|Any CPU.Build.0 = Release|Any CPU
		{3D6412DB-8B1A-42F9-B552-B1CFA38D7438}.Debug|Any CPU.ActiveCfg = Debug|Any CPU
		{3D6412DB-8B1A-42F9-B552-B1CFA38D7438}.Debug|Any CPU.Build.0 = Debug|Any CPU
		{3D6412DB-8B1A-42F9-B552-B1CFA38D7438}.Release|Any CPU.ActiveCfg = Release|Any CPU
		{3D6412DB-8B1A-42F9-B552-B1CFA38D7438}.Release|Any CPU.Build.0 = Release|Any CPU
		{477EE32B-88D4-43F7-8DB8-A1A357C552C2}.Debug|Any CPU.ActiveCfg = Debug|Any CPU
		{477EE32B-88D4-43F7-8DB8-A1A357C552C2}.Debug|Any CPU.Build.0 = Debug|Any CPU
		{477EE32B-88D4-43F7-8DB8-A1A357C552C2}.Release|Any CPU.ActiveCfg = Release|Any CPU
		{477EE32B-88D4-43F7-8DB8-A1A357C552C2}.Release|Any CPU.Build.0 = Release|Any CPU
	EndGlobalSection
	GlobalSection(SolutionProperties) = preSolution
		HideSolutionNode = FALSE
	EndGlobalSection
	GlobalSection(NestedProjects) = preSolution
		{478E85EB-21F4-472E-89C4-36A164BDF928} = {5903F493-1162-4937-8792-50BD48B7DDA8}
		{118F48A1-8117-41A6-A79F-01F940E404F7} = {39C81C28-D251-47DA-AE89-DE7BC73E40C5}
		{533C22E1-E46A-4E91-95AE-518870B316B2} = {39C81C28-D251-47DA-AE89-DE7BC73E40C5}
		{3D6412DB-8B1A-42F9-B552-B1CFA38D7438} = {7426945E-03B0-406C-8F93-8AAA64B96837}
		{477EE32B-88D4-43F7-8DB8-A1A357C552C2} = {B9129E2B-4A68-4B80-B9EA-130A530B80A7}
	EndGlobalSection
	GlobalSection(ExtensibilityGlobals) = postSolution
		SolutionGuid = {77CE9704-1171-42E2-B121-AA61A9CA50B0}
	EndGlobalSection
EndGlobal
